
Microsoft Visual Studio Solution File, Format Version 12.00
# Visual Studio 15
VisualStudioVersion = 15.0.28010.2041
MinimumVisualStudioVersion = 10.0.40219.1
Project("{FAE04EC0-301F-11D3-BF4B-00C04F79EFBC}") = "OS_WorldPay", "OS_WorldPay.csproj", "{93F60CA8-F2B7-4BC0-8CFB-D44C466F6852}"
EndProject
Global
	GlobalSection(SolutionConfigurationPlatforms) = preSolution
		Debug|Any CPU = Debug|Any CPU
		Release|Any CPU = Release|Any CPU
	EndGlobalSection
	GlobalSection(ProjectConfigurationPlatforms) = postSolution
		{93F60CA8-F2B7-4BC0-8CFB-D44C466F6852}.Debug|Any CPU.ActiveCfg = Debug|Any CPU
		{93F60CA8-F2B7-4BC0-8CFB-D44C466F6852}.Debug|Any CPU.Build.0 = Debug|Any CPU
		{93F60CA8-F2B7-4BC0-8CFB-D44C466F6852}.Release|Any CPU.ActiveCfg = Release|Any CPU
		{93F60CA8-F2B7-4BC0-8CFB-D44C466F6852}.Release|Any CPU.Build.0 = Release|Any CPU
	EndGlobalSection
	GlobalSection(SolutionProperties) = preSolution
		HideSolutionNode = FALSE
	EndGlobalSection
	GlobalSection(ExtensibilityGlobals) = postSolution
		SolutionGuid = {51A6A12D-B8EC-41F4-9C8C-35E27DCCC9F4}
	EndGlobalSection
EndGlobal
